{
  "name": "translit-names",
  "version": "1.0.0",
  "lockfileVersion": 3,
  "requires": true,
  "packages": {
    "": {
      "name": "translit-names",
      "version": "1.0.0",
      "license": "ISC",
      "dependencies": {
        "glyphmap": "^0.2.0",
        "stfm": "^0.1.0"
      }
    },
    "node_modules/glyphmap": {
      "version": "0.2.0",
      "resolved": "https://registry.npmjs.org/glyphmap/-/glyphmap-0.2.0.tgz",
      "integrity": "sha512-PzcBbnF2Jtm6hhlTYDTQQo54YOVQrGSY7wXb4UmPtqG6aabZ1CsM0P2nSfdIwEeX7LZYCpcGj2jfzuElENpiug==",
      "license": "ISC",
      "bin": {
        "glyphmap": "dist/cli.js"
      }
    },
    "node_modules/stfm": {
      "version": "0.1.0",
      "resolved": "https://registry.npmjs.org/stfm/-/stfm-0.1.0.tgz",
      "integrity": "sha512-glBtAni+xI88ZpXMcsrFcoAcFpAqbvMd3RzvN+0wTF0tOMTJdLPfieaohnECmuPa5WvcHEn3Lsl/2YhG3d1eMg==",
      "license": "ISC"
    }
  }
}
