{
  "name": "t3",
  "version": "1.0.0",
  "lockfileVersion": 3,
  "requires": true,
  "packages": {
    "": {
      "name": "t3",
      "version": "1.0.0",
      "license": "ISC",
      "dependencies": {
        "@t8/store": "^1.1.10"
      }
    },
    "node_modules/@t8/store": {
      "version": "1.1.10",
      "resolved": "https://registry.npmjs.org/@t8/store/-/store-1.1.10.tgz",
      "integrity": "sha512-BIJkJM39WZtmA53cA76mVBzle0rampmWOBPE9DtNPx/iia0v5sHLP5IBDPVR5Ge6cLow+naD+nYDZcKOhAhFfw==",
      "license": "MIT"
    }
  }
}
