{
  "name": "gothic",
  "version": "1.0.0",
  "lockfileVersion": 3,
  "requires": true,
  "packages": {
    "": {
      "name": "gothic",
      "version": "1.0.0",
      "license": "ISC",
      "dependencies": {
        "stfm": "^0.1.0"
      }
    },
    "node_modules/stfm": {
      "version": "0.1.0",
      "resolved": "https://registry.npmjs.org/stfm/-/stfm-0.1.0.tgz",
      "integrity": "sha512-glBtAni+xI88ZpXMcsrFcoAcFpAqbvMd3RzvN+0wTF0tOMTJdLPfieaohnECmuPa5WvcHEn3Lsl/2YhG3d1eMg==",
      "license": "ISC"
    }
  }
}
