{
  "name": "translit-names",
  "version": "1.0.0",
  "lockfileVersion": 3,
  "requires": true,
  "packages": {
    "": {
      "name": "translit-names",
      "version": "1.0.0",
      "license": "ISC",
      "dependencies": {
        "glyphmap": "^0.2.4"
      }
    },
    "node_modules/glyphmap": {
      "version": "0.2.4",
      "resolved": "https://registry.npmjs.org/glyphmap/-/glyphmap-0.2.4.tgz",
      "integrity": "sha512-fwQCQgny+M2Xq3ibcJshTWFj6DwiPvI0p+g10y4ompV5D9FhEghTfiTCtlSA36OyS3WMyGGArncAcC0ej3uT9A==",
      "license": "MIT",
      "bin": {
        "glyphmap": "dist/cli.js"
      }
    }
  }
}
