{
  "name": "cloudview",
  "version": "1.0.0",
  "lockfileVersion": 3,
  "requires": true,
  "packages": {
    "": {
      "name": "cloudview",
      "version": "1.0.0",
      "license": "ISC",
      "dependencies": {
        "yd-sdk": "^1.1.22"
      }
    },
    "node_modules/reqsrv": {
      "version": "4.6.3",
      "resolved": "https://registry.npmjs.org/reqsrv/-/reqsrv-4.6.3.tgz",
      "integrity": "sha512-JjhQUG49QP65ieLkrjSMvUEltW8BSgtsqDe61vx6SEMGTkgcia3Lh3/cIKigaSEHVR/2uZgqnSzNvkrrhlG47g==",
      "license": "ISC"
    },
    "node_modules/yd-sdk": {
      "version": "1.1.22",
      "resolved": "https://registry.npmjs.org/yd-sdk/-/yd-sdk-1.1.22.tgz",
      "integrity": "sha512-ohv/qcKUMTiUNCMk7L3iDFFGYPjBFN/4n0x2JxzybRc09G2Pusd+pOMHgVKxJSHIwYGjuKp85nWwwrcVuEcItQ==",
      "license": "ISC",
      "dependencies": {
        "reqsrv": "^4.6.2"
      }
    }
  }
}
