{
  "name": "cloudview",
  "version": "1.0.0",
  "lockfileVersion": 3,
  "requires": true,
  "packages": {
    "": {
      "name": "cloudview",
      "version": "1.0.0",
      "license": "ISC",
      "dependencies": {
        "@t8/events": "^1.1.0",
        "yd-sdk": "^1.2.1"
      }
    },
    "node_modules/@t8/events": {
      "version": "1.1.0",
      "resolved": "https://registry.npmjs.org/@t8/events/-/events-1.1.0.tgz",
      "integrity": "sha512-SNePMxfzIpEovmjSGxCQwvoy6+lvpwUfhWl7mBBE5yjFSNeQWgwg3X1U5X4eYilyEywakIx+IYX5RYChZ4ayRw==",
      "license": "MIT"
    },
    "node_modules/@t8/sdk-factory": {
      "version": "1.0.8",
      "resolved": "https://registry.npmjs.org/@t8/sdk-factory/-/sdk-factory-1.0.8.tgz",
      "integrity": "sha512-e5usStIZ1x8XJOoH4XUm6zimjhoY/myLZw+LZwzY6/8i0rf/uLK50y6PtW4aaL61sa3naxmGh2Xkob0oIoTIow==",
      "license": "MIT"
    },
    "node_modules/yd-sdk": {
      "version": "1.2.1",
      "resolved": "https://registry.npmjs.org/yd-sdk/-/yd-sdk-1.2.1.tgz",
      "integrity": "sha512-0X8UnzSfDCJckbIH7kvndmklHzgOy3kXSKC7p8k3Z76iejpC2XiMiyw0ZQHuPkfgAs7qpI9uLqNtVY1Tim889g==",
      "license": "MIT",
      "dependencies": {
        "@t8/sdk-factory": "^1.0.8"
      }
    }
  }
}
